{
  "originHash" : "b69a807e2af798ff2344bca956d582cc874c470595cfe5e24b9cdb08c63edda3",
  "pins" : [
    {
      "identity" : "lookinside-release",
      "kind" : "remoteSourceControl",
      "location" : "https://github.com/LookInsideApp/LookInside-Release",
      "state" : {
        "revision" : "35f0e15bf9ab2206ee6c521c736cab793bc26209",
        "version" : "0.2.0"
      }
    }
  ],
  "version" : 3
}
