// !$*UTF8*$!
{
	archiveVersion = 1;
	classes = {
	};
	objectVersion = 77;
	objects = {

/* Begin PBXBuildFile section */
		0872FB6609812D8CA318BC5C /* CollectionViewPlaybackViewController.swift in Sources */ = {isa = PBXBuildFile; fileRef = 07FDD6AF2EB6E2EFD3812E5D /* CollectionViewPlaybackViewController.swift */; };
		169AC89463B0C43121465489 /* HomeViewController.swift in Sources */ = {isa = PBXBuildFile; fileRef = 9AE08AF18B115785572E8B03 /* HomeViewController.swift */; };
		576CC73C1BADA9309AFAE5C8 /* SceneDelegate.swift in Sources */ = {isa = PBXBuildFile; fileRef = 016A13F4AE1329E2704CE081 /* SceneDelegate.swift */; };
		5FC795BCBC5C0AF8BF9D0944 /* TableViewPlaybackViewController.swift in Sources */ = {isa = PBXBuildFile; fileRef = 08C3B6B8C777FE61B928081B /* TableViewPlaybackViewController.swift */; };
		63E0DE5C25FC8A5B69066B33 /* AppDelegate.swift in Sources */ = {isa = PBXBuildFile; fileRef = 8F936FE579F5B25987519651 /* AppDelegate.swift */; };
		6759F88D359E11CE4F9364E6 /* PlaybackSettingsViewController.swift in Sources */ = {isa = PBXBuildFile; fileRef = 27A2DC873E221D024C0D61DE /* PlaybackSettingsViewController.swift */; };
		83AD1687496B5669595B9B88 /* VideoTableViewCell.swift in Sources */ = {isa = PBXBuildFile; fileRef = 0283F839B517EA8D7C5FDF50 /* VideoTableViewCell.swift */; };
		958B04BF7C8FDF562DDC6F26 /* VideoCollectionViewCell.swift in Sources */ = {isa = PBXBuildFile; fileRef = 97158D5C9586386143867E11 /* VideoCollectionViewCell.swift */; };
		A0DABFB585DC396FB5B03885 /* CustomControlOverlayViewController.swift in Sources */ = {isa = PBXBuildFile; fileRef = 576DC5944A78F42717EDB103 /* CustomControlOverlayViewController.swift */; };
		A4555BC52F8E4F4D0023C641 /* LookinServer in Frameworks */ = {isa = PBXBuildFile; productRef = A4555BC42F8E4F4D0023C641 /* LookinServer */; };
		A4555BC72F8E4FC20023C641 /* AlloyAVPlayer in Frameworks */ = {isa = PBXBuildFile; productRef = A4555BC62F8E4FC20023C641 /* AlloyAVPlayer */; };
		A4555BC92F8E4FC20023C641 /* AlloyControlView in Frameworks */ = {isa = PBXBuildFile; productRef = A4555BC82F8E4FC20023C641 /* AlloyControlView */; };
		A4555BCB2F8E4FC20023C641 /* AlloyCore in Frameworks */ = {isa = PBXBuildFile; productRef = A4555BCA2F8E4FC20023C641 /* AlloyCore */; };
		A4555BCD2F8E4FC20023C641 /* AlloyPlayer in Frameworks */ = {isa = PBXBuildFile; productRef = A4555BCC2F8E4FC20023C641 /* AlloyPlayer */; };
		A4555BD02F8E4FCE0023C641 /* AlloyAVPlayer in Frameworks */ = {isa = PBXBuildFile; productRef = A4555BCF2F8E4FCE0023C641 /* AlloyAVPlayer */; };
		A4555BD22F8E4FCE0023C641 /* AlloyControlView in Frameworks */ = {isa = PBXBuildFile; productRef = A4555BD12F8E4FCE0023C641 /* AlloyControlView */; };
		A4555BD42F8E4FCE0023C641 /* AlloyCore in Frameworks */ = {isa = PBXBuildFile; productRef = A4555BD32F8E4FCE0023C641 /* AlloyCore */; };
		A4555BD62F8E4FCE0023C641 /* AlloyPlayer in Frameworks */ = {isa = PBXBuildFile; productRef = A4555BD52F8E4FCE0023C641 /* AlloyPlayer */; };
		AE9431EBDCBA8D07879EC6A6 /* AlloyPlayer in Frameworks */ = {isa = PBXBuildFile; productRef = 526831B0AF8E71E9F9D796AB /* AlloyPlayer */; };
		AF205196F5BEE8E2E546F5B6 /* MinimalControlOverlay.swift in Sources */ = {isa = PBXBuildFile; fileRef = BA66B7998FE7CBE9B58EC163 /* MinimalControlOverlay.swift */; };
		B4F7673BF47E4F3B95C4FE29 /* FullScreenModesViewController.swift in Sources */ = {isa = PBXBuildFile; fileRef = 339A73F44AA874176CAFE7E3 /* FullScreenModesViewController.swift */; };
		B81EF358C3CF0CA7FDE2744F /* BasicPlaybackViewController.swift in Sources */ = {isa = PBXBuildFile; fileRef = 59C926FD23ED839DDD9BC823 /* BasicPlaybackViewController.swift */; };
		D9A2B0F515BAC9BC502E48B5 /* VideoResource.swift in Sources */ = {isa = PBXBuildFile; fileRef = DE8E4AA58ACF5D20453C0ADD /* VideoResource.swift */; };
/* End PBXBuildFile section */

/* Begin PBXFileReference section */
		016A13F4AE1329E2704CE081 /* SceneDelegate.swift */ = {isa = PBXFileReference; lastKnownFileType = sourcecode.swift; path = SceneDelegate.swift; sourceTree = "<group>"; };
		0283F839B517EA8D7C5FDF50 /* VideoTableViewCell.swift */ = {isa = PBXFileReference; lastKnownFileType = sourcecode.swift; path = VideoTableViewCell.swift; sourceTree = "<group>"; };
		07FDD6AF2EB6E2EFD3812E5D /* CollectionViewPlaybackViewController.swift */ = {isa = PBXFileReference; lastKnownFileType = sourcecode.swift; path = CollectionViewPlaybackViewController.swift; sourceTree = "<group>"; };
		08C3B6B8C777FE61B928081B /* TableViewPlaybackViewController.swift */ = {isa = PBXFileReference; lastKnownFileType = sourcecode.swift; path = TableViewPlaybackViewController.swift; sourceTree = "<group>"; };
		26DADC330867E44287C3B6A6 /* Info.plist */ = {isa = PBXFileReference; lastKnownFileType = text.plist; path = Info.plist; sourceTree = "<group>"; };
		27A2DC873E221D024C0D61DE /* PlaybackSettingsViewController.swift */ = {isa = PBXFileReference; lastKnownFileType = sourcecode.swift; path = PlaybackSettingsViewController.swift; sourceTree = "<group>"; };
		339A73F44AA874176CAFE7E3 /* FullScreenModesViewController.swift */ = {isa = PBXFileReference; lastKnownFileType = sourcecode.swift; path = FullScreenModesViewController.swift; sourceTree = "<group>"; };
		576DC5944A78F42717EDB103 /* CustomControlOverlayViewController.swift */ = {isa = PBXFileReference; lastKnownFileType = sourcecode.swift; path = CustomControlOverlayViewController.swift; sourceTree = "<group>"; };
		59C926FD23ED839DDD9BC823 /* BasicPlaybackViewController.swift */ = {isa = PBXFileReference; lastKnownFileType = sourcecode.swift; path = BasicPlaybackViewController.swift; sourceTree = "<group>"; };
		8F936FE579F5B25987519651 /* AppDelegate.swift */ = {isa = PBXFileReference; lastKnownFileType = sourcecode.swift; path = AppDelegate.swift; sourceTree = "<group>"; };
		97158D5C9586386143867E11 /* VideoCollectionViewCell.swift */ = {isa = PBXFileReference; lastKnownFileType = sourcecode.swift; path = VideoCollectionViewCell.swift; sourceTree = "<group>"; };
		9AE08AF18B115785572E8B03 /* HomeViewController.swift */ = {isa = PBXFileReference; lastKnownFileType = sourcecode.swift; path = HomeViewController.swift; sourceTree = "<group>"; };
		A5D39E4BD1348B8DA507E950 /* AlloyPlayerDemo.app */ = {isa = PBXFileReference; includeInIndex = 0; lastKnownFileType = wrapper.application; path = AlloyPlayerDemo.app; sourceTree = BUILT_PRODUCTS_DIR; };
		BA66B7998FE7CBE9B58EC163 /* MinimalControlOverlay.swift */ = {isa = PBXFileReference; lastKnownFileType = sourcecode.swift; path = MinimalControlOverlay.swift; sourceTree = "<group>"; };
		DE8E4AA58ACF5D20453C0ADD /* VideoResource.swift */ = {isa = PBXFileReference; lastKnownFileType = sourcecode.swift; path = VideoResource.swift; sourceTree = "<group>"; };
/* End PBXFileReference section */

/* Begin PBXFrameworksBuildPhase section */
		C87314C18F06776077D9C0D6 /* Frameworks */ = {
			isa = PBXFrameworksBuildPhase;
			buildActionMask = 2147483647;
			files = (
				A4555BD42F8E4FCE0023C641 /* AlloyCore in Frameworks */,
				A4555BC72F8E4FC20023C641 /* AlloyAVPlayer in Frameworks */,
				A4555BC92F8E4FC20023C641 /* AlloyControlView in Frameworks */,
				A4555BCB2F8E4FC20023C641 /* AlloyCore in Frameworks */,
				A4555BCD2F8E4FC20023C641 /* AlloyPlayer in Frameworks */,
				A4555BD62F8E4FCE0023C641 /* AlloyPlayer in Frameworks */,
				AE9431EBDCBA8D07879EC6A6 /* AlloyPlayer in Frameworks */,
				A4555BD22F8E4FCE0023C641 /* AlloyControlView in Frameworks */,
				A4555BC52F8E4F4D0023C641 /* LookinServer in Frameworks */,
				A4555BD02F8E4FCE0023C641 /* AlloyAVPlayer in Frameworks */,
			);
			runOnlyForDeploymentPostprocessing = 0;
		};
/* End PBXFrameworksBuildPhase section */

/* Begin PBXGroup section */
		23B443018ED43A48D506F6DC /* Sources */ = {
			isa = PBXGroup;
			children = (
				F2C4AFEC4B4A917207DDF8DA /* App */,
				2AD07111BEC667656C557694 /* Modules */,
				7F6ACEB7DE664FDAE4C7A160 /* Resources */,
			);
			path = Sources;
			sourceTree = "<group>";
		};
		2AD07111BEC667656C557694 /* Modules */ = {
			isa = PBXGroup;
			children = (
				F6193010AF22FB7E9CE4142E /* BasicPlayback */,
				B65D2175C3458A6380596D15 /* CollectionViewPlayback */,
				9B43BAC5E374478999CC362E /* CustomControlOverlay */,
				56F6CBD077AE3288F7299DD4 /* FullScreenModes */,
				F045C119D98FC875CDDCFBA8 /* Home */,
				AC6D878AFFA65C248413A405 /* PlaybackSettings */,
				643F2D5B64DE5D21364EAEBD /* TableViewPlayback */,
			);
			path = Modules;
			sourceTree = "<group>";
		};
		39933C111B5D68B861640975 /* Products */ = {
			isa = PBXGroup;
			children = (
				A5D39E4BD1348B8DA507E950 /* AlloyPlayerDemo.app */,
			);
			name = Products;
			sourceTree = "<group>";
		};
		56F6CBD077AE3288F7299DD4 /* FullScreenModes */ = {
			isa = PBXGroup;
			children = (
				339A73F44AA874176CAFE7E3 /* FullScreenModesViewController.swift */,
			);
			path = FullScreenModes;
			sourceTree = "<group>";
		};
		643F2D5B64DE5D21364EAEBD /* TableViewPlayback */ = {
			isa = PBXGroup;
			children = (
				08C3B6B8C777FE61B928081B /* TableViewPlaybackViewController.swift */,
				0283F839B517EA8D7C5FDF50 /* VideoTableViewCell.swift */,
			);
			path = TableViewPlayback;
			sourceTree = "<group>";
		};
		7F6ACEB7DE664FDAE4C7A160 /* Resources */ = {
			isa = PBXGroup;
			children = (
				DE8E4AA58ACF5D20453C0ADD /* VideoResource.swift */,
			);
			path = Resources;
			sourceTree = "<group>";
		};
		9B43BAC5E374478999CC362E /* CustomControlOverlay */ = {
			isa = PBXGroup;
			children = (
				576DC5944A78F42717EDB103 /* CustomControlOverlayViewController.swift */,
				BA66B7998FE7CBE9B58EC163 /* MinimalControlOverlay.swift */,
			);
			path = CustomControlOverlay;
			sourceTree = "<group>";
		};
		9E2C76CF72D6DD90ABC09424 = {
			isa = PBXGroup;
			children = (
				23B443018ED43A48D506F6DC /* Sources */,
				39933C111B5D68B861640975 /* Products */,
			);
			sourceTree = "<group>";
		};
		AC6D878AFFA65C248413A405 /* PlaybackSettings */ = {
			isa = PBXGroup;
			children = (
				27A2DC873E221D024C0D61DE /* PlaybackSettingsViewController.swift */,
			);
			path = PlaybackSettings;
			sourceTree = "<group>";
		};
		B65D2175C3458A6380596D15 /* CollectionViewPlayback */ = {
			isa = PBXGroup;
			children = (
				07FDD6AF2EB6E2EFD3812E5D /* CollectionViewPlaybackViewController.swift */,
				97158D5C9586386143867E11 /* VideoCollectionViewCell.swift */,
			);
			path = CollectionViewPlayback;
			sourceTree = "<group>";
		};
		F045C119D98FC875CDDCFBA8 /* Home */ = {
			isa = PBXGroup;
			children = (
				9AE08AF18B115785572E8B03 /* HomeViewController.swift */,
			);
			path = Home;
			sourceTree = "<group>";
		};
		F2C4AFEC4B4A917207DDF8DA /* App */ = {
			isa = PBXGroup;
			children = (
				8F936FE579F5B25987519651 /* AppDelegate.swift */,
				26DADC330867E44287C3B6A6 /* Info.plist */,
				016A13F4AE1329E2704CE081 /* SceneDelegate.swift */,
			);
			path = App;
			sourceTree = "<group>";
		};
		F6193010AF22FB7E9CE4142E /* BasicPlayback */ = {
			isa = PBXGroup;
			children = (
				59C926FD23ED839DDD9BC823 /* BasicPlaybackViewController.swift */,
			);
			path = BasicPlayback;
			sourceTree = "<group>";
		};
/* End PBXGroup section */

/* Begin PBXNativeTarget section */
		F4C05AD9D37B4B470646C0DB /* AlloyPlayerDemo */ = {
			isa = PBXNativeTarget;
			buildConfigurationList = 4B9861C2E8C723D564CB7635 /* Build configuration list for PBXNativeTarget "AlloyPlayerDemo" */;
			buildPhases = (
				07281C1F07B7BD17092B7340 /* Sources */,
				C87314C18F06776077D9C0D6 /* Frameworks */,
			);
			buildRules = (
			);
			dependencies = (
			);
			name = AlloyPlayerDemo;
			packageProductDependencies = (
				526831B0AF8E71E9F9D796AB /* AlloyPlayer */,
				A4555BC42F8E4F4D0023C641 /* LookinServer */,
				A4555BC62F8E4FC20023C641 /* AlloyAVPlayer */,
				A4555BC82F8E4FC20023C641 /* AlloyControlView */,
				A4555BCA2F8E4FC20023C641 /* AlloyCore */,
				A4555BCC2F8E4FC20023C641 /* AlloyPlayer */,
				A4555BCF2F8E4FCE0023C641 /* AlloyAVPlayer */,
				A4555BD12F8E4FCE0023C641 /* AlloyControlView */,
				A4555BD32F8E4FCE0023C641 /* AlloyCore */,
				A4555BD52F8E4FCE0023C641 /* AlloyPlayer */,
			);
			productName = AlloyPlayerDemo;
			productReference = A5D39E4BD1348B8DA507E950 /* AlloyPlayerDemo.app */;
			productType = "com.apple.product-type.application";
		};
/* End PBXNativeTarget section */

/* Begin PBXProject section */
		D6692E268C5FA034EFBE6D89 /* Project object */ = {
			isa = PBXProject;
			attributes = {
				BuildIndependentTargetsInParallel = YES;
				LastUpgradeCheck = 1600;
				TargetAttributes = {
					F4C05AD9D37B4B470646C0DB = {
						ProvisioningStyle = Automatic;
					};
				};
			};
			buildConfigurationList = 9F746E9758AB5905BD554276 /* Build configuration list for PBXProject "AlloyPlayerDemo" */;
			developmentRegion = en;
			hasScannedForEncodings = 0;
			knownRegions = (
				Base,
				en,
			);
			mainGroup = 9E2C76CF72D6DD90ABC09424;
			minimizedProjectReferenceProxies = 1;
			packageReferences = (
				A4555BC32F8E4F4D0023C641 /* XCRemoteSwiftPackageReference "LookInside" */,
				A4555BCE2F8E4FCE0023C641 /* XCLocalSwiftPackageReference "../../AlloyPlayer" */,
			);
			preferredProjectObjectVersion = 77;
			productRefGroup = 39933C111B5D68B861640975 /* Products */;
			projectDirPath = "";
			projectRoot = "";
			targets = (
				F4C05AD9D37B4B470646C0DB /* AlloyPlayerDemo */,
			);
		};
/* End PBXProject section */

/* Begin PBXSourcesBuildPhase section */
		07281C1F07B7BD17092B7340 /* Sources */ = {
			isa = PBXSourcesBuildPhase;
			buildActionMask = 2147483647;
			files = (
				63E0DE5C25FC8A5B69066B33 /* AppDelegate.swift in Sources */,
				B81EF358C3CF0CA7FDE2744F /* BasicPlaybackViewController.swift in Sources */,
				0872FB6609812D8CA318BC5C /* CollectionViewPlaybackViewController.swift in Sources */,
				A0DABFB585DC396FB5B03885 /* CustomControlOverlayViewController.swift in Sources */,
				B4F7673BF47E4F3B95C4FE29 /* FullScreenModesViewController.swift in Sources */,
				169AC89463B0C43121465489 /* HomeViewController.swift in Sources */,
				AF205196F5BEE8E2E546F5B6 /* MinimalControlOverlay.swift in Sources */,
				6759F88D359E11CE4F9364E6 /* PlaybackSettingsViewController.swift in Sources */,
				576CC73C1BADA9309AFAE5C8 /* SceneDelegate.swift in Sources */,
				5FC795BCBC5C0AF8BF9D0944 /* TableViewPlaybackViewController.swift in Sources */,
				958B04BF7C8FDF562DDC6F26 /* VideoCollectionViewCell.swift in Sources */,
				D9A2B0F515BAC9BC502E48B5 /* VideoResource.swift in Sources */,
				83AD1687496B5669595B9B88 /* VideoTableViewCell.swift in Sources */,
			);
			runOnlyForDeploymentPostprocessing = 0;
		};
/* End PBXSourcesBuildPhase section */

/* Begin XCBuildConfiguration section */
		837A2CB8EAB91E41671D3696 /* Debug */ = {
			isa = XCBuildConfiguration;
			buildSettings = {
				ALWAYS_SEARCH_USER_PATHS = NO;
				CLANG_ANALYZER_NONNULL = YES;
				CLANG_ANALYZER_NUMBER_OBJECT_CONVERSION = YES_AGGRESSIVE;
				CLANG_CXX_LANGUAGE_STANDARD = "gnu++14";
				CLANG_CXX_LIBRARY = "libc++";
				CLANG_ENABLE_MODULES = YES;
				CLANG_ENABLE_OBJC_ARC = YES;
				CLANG_ENABLE_OBJC_WEAK = YES;
				CLANG_WARN_BLOCK_CAPTURE_AUTORELEASING = YES;
				CLANG_WARN_BOOL_CONVERSION = YES;
				CLANG_WARN_COMMA = YES;
				CLANG_WARN_CONSTANT_CONVERSION = YES;
				CLANG_WARN_DEPRECATED_OBJC_IMPLEMENTATIONS = YES;
				CLANG_WARN_DIRECT_OBJC_ISA_USAGE = YES_ERROR;
				CLANG_WARN_DOCUMENTATION_COMMENTS = YES;
				CLANG_WARN_EMPTY_BODY = YES;
				CLANG_WARN_ENUM_CONVERSION = YES;
				CLANG_WARN_INFINITE_RECURSION = YES;
				CLANG_WARN_INT_CONVERSION = YES;
				CLANG_WARN_NON_LITERAL_NULL_CONVERSION = YES;
				CLANG_WARN_OBJC_IMPLICIT_RETAIN_SELF = YES;
				CLANG_WARN_OBJC_LITERAL_CONVERSION = YES;
				CLANG_WARN_OBJC_ROOT_CLASS = YES_ERROR;
				CLANG_WARN_QUOTED_INCLUDE_IN_FRAMEWORK_HEADER = YES;
				CLANG_WARN_RANGE_LOOP_ANALYSIS = YES;
				CLANG_WARN_STRICT_PROTOTYPES = YES;
				CLANG_WARN_SUSPICIOUS_MOVE = YES;
				CLANG_WARN_UNGUARDED_AVAILABILITY = YES_AGGRESSIVE;
				CLANG_WARN_UNREACHABLE_CODE = YES;
				CLANG_WARN__DUPLICATE_METHOD_MATCH = YES;
				CODE_SIGNING_ALLOWED = YES;
				CODE_SIGNING_REQUIRED = NO;
				CODE_SIGN_IDENTITY = "";
				COPY_PHASE_STRIP = NO;
				DEBUG_INFORMATION_FORMAT = dwarf;
				ENABLE_STRICT_OBJC_MSGSEND = YES;
				ENABLE_TESTABILITY = YES;
				GCC_C_LANGUAGE_STANDARD = gnu11;
				GCC_DYNAMIC_NO_PIC = NO;
				GCC_NO_COMMON_BLOCKS = YES;
				GCC_OPTIMIZATION_LEVEL = 0;
				GCC_PREPROCESSOR_DEFINITIONS = (
					"$(inherited)",
					"DEBUG=1",
				);
				GCC_WARN_64_TO_32_BIT_CONVERSION = YES;
				GCC_WARN_ABOUT_RETURN_TYPE = YES_ERROR;
				GCC_WARN_UNDECLARED_SELECTOR = YES;
				GCC_WARN_UNINITIALIZED_AUTOS = YES_AGGRESSIVE;
				GCC_WARN_UNUSED_FUNCTION = YES;
				GCC_WARN_UNUSED_VARIABLE = YES;
				IPHONEOS_DEPLOYMENT_TARGET = 15.0;
				MTL_ENABLE_DEBUG_INFO = INCLUDE_SOURCE;
				MTL_FAST_MATH = YES;
				ONLY_ACTIVE_ARCH = YES;
				PRODUCT_NAME = "$(TARGET_NAME)";
				SDKROOT = iphoneos;
				SWIFT_ACTIVE_COMPILATION_CONDITIONS = DEBUG;
				SWIFT_OPTIMIZATION_LEVEL = "-Onone";
				SWIFT_VERSION = 5.0;
			};
			name = Debug;
		};
		88F12609CBE7076986919045 /* Debug */ = {
			isa = XCBuildConfiguration;
			buildSettings = {
				ASSETCATALOG_COMPILER_APPICON_NAME = AppIcon;
				CODE_SIGN_IDENTITY = "iPhone Developer";
				CODE_SIGN_STYLE = Automatic;
				CURRENT_PROJECT_VERSION = 1;
				GENERATE_INFOPLIST_FILE = NO;
				INFOPLIST_FILE = Sources/App/Info.plist;
				LD_RUNPATH_SEARCH_PATHS = (
					"$(inherited)",
					"@executable_path/Frameworks",
				);
				MARKETING_VERSION = 1.0.0;
				PRODUCT_BUNDLE_IDENTIFIER = com.alloyplayer.demo;
				SDKROOT = iphoneos;
				SWIFT_VERSION = 6.0;
				TARGETED_DEVICE_FAMILY = "1,2";
			};
			name = Debug;
		};
		FE55855CEA134EAB6392FD4D /* Release */ = {
			isa = XCBuildConfiguration;
			buildSettings = {
				ASSETCATALOG_COMPILER_APPICON_NAME = AppIcon;
				CODE_SIGN_IDENTITY = "iPhone Developer";
				CODE_SIGN_STYLE = Automatic;
				CURRENT_PROJECT_VERSION = 1;
				GENERATE_INFOPLIST_FILE = NO;
				INFOPLIST_FILE = Sources/App/Info.plist;
				LD_RUNPATH_SEARCH_PATHS = (
					"$(inherited)",
					"@executable_path/Frameworks",
				);
				MARKETING_VERSION = 1.0.0;
				PRODUCT_BUNDLE_IDENTIFIER = com.alloyplayer.demo;
				SDKROOT = iphoneos;
				SWIFT_VERSION = 6.0;
				TARGETED_DEVICE_FAMILY = "1,2";
			};
			name = Release;
		};
		FE6DC3D8235D14346F9B62C7 /* Release */ = {
			isa = XCBuildConfiguration;
			buildSettings = {
				ALWAYS_SEARCH_USER_PATHS = NO;
				CLANG_ANALYZER_NONNULL = YES;
				CLANG_ANALYZER_NUMBER_OBJECT_CONVERSION = YES_AGGRESSIVE;
				CLANG_CXX_LANGUAGE_STANDARD = "gnu++14";
				CLANG_CXX_LIBRARY = "libc++";
				CLANG_ENABLE_MODULES = YES;
				CLANG_ENABLE_OBJC_ARC = YES;
				CLANG_ENABLE_OBJC_WEAK = YES;
				CLANG_WARN_BLOCK_CAPTURE_AUTORELEASING = YES;
				CLANG_WARN_BOOL_CONVERSION = YES;
				CLANG_WARN_COMMA = YES;
				CLANG_WARN_CONSTANT_CONVERSION = YES;
				CLANG_WARN_DEPRECATED_OBJC_IMPLEMENTATIONS = YES;
				CLANG_WARN_DIRECT_OBJC_ISA_USAGE = YES_ERROR;
				CLANG_WARN_DOCUMENTATION_COMMENTS = YES;
				CLANG_WARN_EMPTY_BODY = YES;
				CLANG_WARN_ENUM_CONVERSION = YES;
				CLANG_WARN_INFINITE_RECURSION = YES;
				CLANG_WARN_INT_CONVERSION = YES;
				CLANG_WARN_NON_LITERAL_NULL_CONVERSION = YES;
				CLANG_WARN_OBJC_IMPLICIT_RETAIN_SELF = YES;
				CLANG_WARN_OBJC_LITERAL_CONVERSION = YES;
				CLANG_WARN_OBJC_ROOT_CLASS = YES_ERROR;
				CLANG_WARN_QUOTED_INCLUDE_IN_FRAMEWORK_HEADER = YES;
				CLANG_WARN_RANGE_LOOP_ANALYSIS = YES;
				CLANG_WARN_STRICT_PROTOTYPES = YES;
				CLANG_WARN_SUSPICIOUS_MOVE = YES;
				CLANG_WARN_UNGUARDED_AVAILABILITY = YES_AGGRESSIVE;
				CLANG_WARN_UNREACHABLE_CODE = YES;
				CLANG_WARN__DUPLICATE_METHOD_MATCH = YES;
				CODE_SIGNING_ALLOWED = YES;
				CODE_SIGNING_REQUIRED = NO;
				CODE_SIGN_IDENTITY = "";
				COPY_PHASE_STRIP = NO;
				DEBUG_INFORMATION_FORMAT = "dwarf-with-dsym";
				ENABLE_NS_ASSERTIONS = NO;
				ENABLE_STRICT_OBJC_MSGSEND = YES;
				GCC_C_LANGUAGE_STANDARD = gnu11;
				GCC_NO_COMMON_BLOCKS = YES;
				GCC_WARN_64_TO_32_BIT_CONVERSION = YES;
				GCC_WARN_ABOUT_RETURN_TYPE = YES_ERROR;
				GCC_WARN_UNDECLARED_SELECTOR = YES;
				GCC_WARN_UNINITIALIZED_AUTOS = YES_AGGRESSIVE;
				GCC_WARN_UNUSED_FUNCTION = YES;
				GCC_WARN_UNUSED_VARIABLE = YES;
				IPHONEOS_DEPLOYMENT_TARGET = 15.0;
				MTL_ENABLE_DEBUG_INFO = NO;
				MTL_FAST_MATH = YES;
				PRODUCT_NAME = "$(TARGET_NAME)";
				SDKROOT = iphoneos;
				SWIFT_COMPILATION_MODE = wholemodule;
				SWIFT_OPTIMIZATION_LEVEL = "-O";
				SWIFT_VERSION = 5.0;
			};
			name = Release;
		};
/* End XCBuildConfiguration section */

/* Begin XCConfigurationList section */
		4B9861C2E8C723D564CB7635 /* Build configuration list for PBXNativeTarget "AlloyPlayerDemo" */ = {
			isa = XCConfigurationList;
			buildConfigurations = (
				88F12609CBE7076986919045 /* Debug */,
				FE55855CEA134EAB6392FD4D /* Release */,
			);
			defaultConfigurationIsVisible = 0;
			defaultConfigurationName = Debug;
		};
		9F746E9758AB5905BD554276 /* Build configuration list for PBXProject "AlloyPlayerDemo" */ = {
			isa = XCConfigurationList;
			buildConfigurations = (
				837A2CB8EAB91E41671D3696 /* Debug */,
				FE6DC3D8235D14346F9B62C7 /* Release */,
			);
			defaultConfigurationIsVisible = 0;
			defaultConfigurationName = Debug;
		};
/* End XCConfigurationList section */

/* Begin XCLocalSwiftPackageReference section */
		A4555BCE2F8E4FCE0023C641 /* XCLocalSwiftPackageReference "../../AlloyPlayer" */ = {
			isa = XCLocalSwiftPackageReference;
			relativePath = ../../AlloyPlayer;
		};
/* End XCLocalSwiftPackageReference section */

/* Begin XCRemoteSwiftPackageReference section */
		A4555BC32F8E4F4D0023C641 /* XCRemoteSwiftPackageReference "LookInside" */ = {
			isa = XCRemoteSwiftPackageReference;
			repositoryURL = "https://github.com/Lakr233/LookInside";
			requirement = {
				kind = upToNextMajorVersion;
				minimumVersion = 2.2.6;
			};
		};
/* End XCRemoteSwiftPackageReference section */

/* Begin XCSwiftPackageProductDependency section */
		526831B0AF8E71E9F9D796AB /* AlloyPlayer */ = {
			isa = XCSwiftPackageProductDependency;
			productName = AlloyPlayer;
		};
		A4555BC42F8E4F4D0023C641 /* LookinServer */ = {
			isa = XCSwiftPackageProductDependency;
			package = A4555BC32F8E4F4D0023C641 /* XCRemoteSwiftPackageReference "LookInside" */;
			productName = LookinServer;
		};
		A4555BC62F8E4FC20023C641 /* AlloyAVPlayer */ = {
			isa = XCSwiftPackageProductDependency;
			package = A4555BC32F8E4F4D0023C641 /* XCRemoteSwiftPackageReference "LookInside" */;
			productName = AlloyAVPlayer;
		};
		A4555BC82F8E4FC20023C641 /* AlloyControlView */ = {
			isa = XCSwiftPackageProductDependency;
			package = A4555BC32F8E4F4D0023C641 /* XCRemoteSwiftPackageReference "LookInside" */;
			productName = AlloyControlView;
		};
		A4555BCA2F8E4FC20023C641 /* AlloyCore */ = {
			isa = XCSwiftPackageProductDependency;
			package = A4555BC32F8E4F4D0023C641 /* XCRemoteSwiftPackageReference "LookInside" */;
			productName = AlloyCore;
		};
		A4555BCC2F8E4FC20023C641 /* AlloyPlayer */ = {
			isa = XCSwiftPackageProductDependency;
			package = A4555BC32F8E4F4D0023C641 /* XCRemoteSwiftPackageReference "LookInside" */;
			productName = AlloyPlayer;
		};
		A4555BCF2F8E4FCE0023C641 /* AlloyAVPlayer */ = {
			isa = XCSwiftPackageProductDependency;
			productName = AlloyAVPlayer;
		};
		A4555BD12F8E4FCE0023C641 /* AlloyControlView */ = {
			isa = XCSwiftPackageProductDependency;
			productName = AlloyControlView;
		};
		A4555BD32F8E4FCE0023C641 /* AlloyCore */ = {
			isa = XCSwiftPackageProductDependency;
			productName = AlloyCore;
		};
		A4555BD52F8E4FCE0023C641 /* AlloyPlayer */ = {
			isa = XCSwiftPackageProductDependency;
			productName = AlloyPlayer;
		};
/* End XCSwiftPackageProductDependency section */
	};
	rootObject = D6692E268C5FA034EFBE6D89 /* Project object */;
}
